// !$*UTF8*$!
{
	archiveVersion = 1;
	classes = {
	};
	objectVersion = 50;
	objects = {

/* Begin PBXBuildFile section */
		CDB4609D216D215900299B24 /* AppDelegate.swift in Sources */ = {isa = PBXBuildFile; fileRef = CDB4609C216D215900299B24 /* AppDelegate.swift */; };
		CDB4609F216D215900299B24 /* ColorChangeViewController.swift in Sources */ = {isa = PBXBuildFile; fileRef = CDB4609E216D215900299B24 /* ColorChangeViewController.swift */; };
		CDB460A2216D215900299B24 /* Main.storyboard in Resources */ = {isa = PBXBuildFile; fileRef = CDB460A0216D215900299B24 /* Main.storyboard */; };
		CDB460A4216D215B00299B24 /* Assets.xcassets in Resources */ = {isa = PBXBuildFile; fileRef = CDB460A3216D215B00299B24 /* Assets.xcassets */; };
		CDB460A7216D215B00299B24 /* LaunchScreen.storyboard in Resources */ = {isa = PBXBuildFile; fileRef = CDB460A5216D215B00299B24 /* LaunchScreen.storyboard */; };
		CDB460B3216D270000299B24 /* ColorTool.swift in Sources */ = {isa = PBXBuildFile; fileRef = CDB460B2216D270000299B24 /* ColorTool.swift */; };
/* End PBXBuildFile section */

/* Begin PBXFileReference section */
		CDB46099216D215900299B24 /* iOSFirstProject.app */ = {isa = PBXFileReference; explicitFileType = wrapper.application; includeInIndex = 0; path = iOSFirstProject.app; sourceTree = BUILT_PRODUCTS_DIR; };
		CDB4609C216D215900299B24 /* AppDelegate.swift */ = {isa = PBXFileReference; lastKnownFileType = sourcecode.swift; path = AppDelegate.swift; sourceTree = "<group>"; };
		CDB4609E216D215900299B24 /* ColorChangeViewController.swift */ = {isa = PBXFileReference; lastKnownFileType = sourcecode.swift; path = ColorChangeViewController.swift; sourceTree = "<group>"; };
		CDB460A1216D215900299B24 /* Base */ = {isa = PBXFileReference; lastKnownFileType = file.storyboard; name = Base; path = Base.lproj/Main.storyboard; sourceTree = "<group>"; };
		CDB460A3216D215B00299B24 /* Assets.xcassets */ = {isa = PBXFileReference; lastKnownFileType = folder.assetcatalog; path = Assets.xcassets; sourceTree = "<group>"; };
		CDB460A6216D215B00299B24 /* Base */ = {isa = PBXFileReference; lastKnownFileType = file.storyboard; name = Base; path = Base.lproj/LaunchScreen.storyboard; sourceTree = "<group>"; };
		CDB460A8216D215B00299B24 /* Info.plist */ = {isa = PBXFileReference; lastKnownFileType = text.plist.xml; path = Info.plist; sourceTree = "<group>"; };
		CDB460B2216D270000299B24 /* ColorTool.swift */ = {isa = PBXFileReference; lastKnownFileType = sourcecode.swift; path = ColorTool.swift; sourceTree = "<group>"; };
/* End PBXFileReference section */

/* Begin PBXFrameworksBuildPhase section */
		CDB46096216D215900299B24 /* Frameworks */ = {
			isa = PBXFrameworksBuildPhase;
			buildActionMask = 2147483647;
			files = (
			);
			runOnlyForDeploymentPostprocessing = 0;
		};
/* End PBXFrameworksBuildPhase section */

/* Begin PBXGroup section */
		CDB46090216D215900299B24 = {
			isa = PBXGroup;
			children = (
				CDB4609B216D215900299B24 /* iOSFirstProject */,
				CDB4609A216D215900299B24 /* Products */,
			);
			sourceTree = "<group>";
		};
		CDB4609A216D215900299B24 /* Products */ = {
			isa = PBXGroup;
			children = (
				CDB46099216D215900299B24 /* iOSFirstProject.app */,
			);
			name = Products;
			sourceTree = "<group>";
		};
		CDB4609B216D215900299B24 /* iOSFirstProject */ = {
			isa = PBXGroup;
			children = (
				CDB460B1216D265C00299B24 /* Model */,
				CDB460AE216D241B00299B24 /* Resources */,
				CDB460AF216D261800299B24 /* Controller */,
				CDB460B0216D264200299B24 /* View */,
			);
			path = iOSFirstProject;
			sourceTree = "<group>";
		};
		CDB460AE216D241B00299B24 /* Resources */ = {
			isa = PBXGroup;
			children = (
				CDB4609C216D215900299B24 /* AppDelegate.swift */,
				CDB460A3216D215B00299B24 /* Assets.xcassets */,
				CDB460A8216D215B00299B24 /* Info.plist */,
			);
			path = Resources;
			sourceTree = "<group>";
		};
		CDB460AF216D261800299B24 /* Controller */ = {
			isa = PBXGroup;
			children = (
				CDB4609E216D215900299B24 /* ColorChangeViewController.swift */,
			);
			path = Controller;
			sourceTree = "<group>";
		};
		CDB460B0216D264200299B24 /* View */ = {
			isa = PBXGroup;
			children = (
				CDB460A0216D215900299B24 /* Main.storyboard */,
				CDB460A5216D215B00299B24 /* LaunchScreen.storyboard */,
			);
			path = View;
			sourceTree = "<group>";
		};
		CDB460B1216D265C00299B24 /* Model */ = {
			isa = PBXGroup;
			children = (
				CDB460B2216D270000299B24 /* ColorTool.swift */,
			);
			path = Model;
			sourceTree = "<group>";
		};
/* End PBXGroup section */

/* Begin PBXNativeTarget section */
		CDB46098216D215900299B24 /* iOSFirstProject */ = {
			isa = PBXNativeTarget;
			buildConfigurationList = CDB460AB216D215B00299B24 /* Build configuration list for PBXNativeTarget "iOSFirstProject" */;
			buildPhases = (
				CDB46095216D215900299B24 /* Sources */,
				CDB46096216D215900299B24 /* Frameworks */,
				CDB46097216D215900299B24 /* Resources */,
			);
			buildRules = (
			);
			dependencies = (
			);
			name = iOSFirstProject;
			productName = iOSFirstProject;
			productReference = CDB46099216D215900299B24 /* iOSFirstProject.app */;
			productType = "com.apple.product-type.application";
		};
/* End PBXNativeTarget section */

/* Begin PBXProject section */
		CDB46091216D215900299B24 /* Project object */ = {
			isa = PBXProject;
			attributes = {
				LastSwiftUpdateCheck = 0940;
				LastUpgradeCheck = 0940;
				ORGANIZATIONNAME = CTEC;
				TargetAttributes = {
					CDB46098216D215900299B24 = {
						CreatedOnToolsVersion = 9.4.1;
					};
				};
			};
			buildConfigurationList = CDB46094216D215900299B24 /* Build configuration list for PBXProject "iOSFirstProject" */;
			compatibilityVersion = "Xcode 9.3";
			developmentRegion = en;
			hasScannedForEncodings = 0;
			knownRegions = (
				en,
				Base,
			);
			mainGroup = CDB46090216D215900299B24;
			productRefGroup = CDB4609A216D215900299B24 /* Products */;
			projectDirPath = "";
			projectRoot = "";
			targets = (
				CDB46098216D215900299B24 /* iOSFirstProject */,
			);
		};
/* End PBXProject section */

/* Begin PBXResourcesBuildPhase section */
		CDB46097216D215900299B24 /* Resources */ = {
			isa = PBXResourcesBuildPhase;
			buildActionMask = 2147483647;
			files = (
				CDB460A7216D215B00299B24 /* LaunchScreen.storyboard in Resources */,
				CDB460A4216D215B00299B24 /* Assets.xcassets in Resources */,
				CDB460A2216D215900299B24 /* Main.storyboard in Resources */,
			);
			runOnlyForDeploymentPostprocessing = 0;
		};
/* End PBXResourcesBuildPhase section */

/* Begin PBXSourcesBuildPhase section */
		CDB46095216D215900299B24 /* Sources */ = {
			isa = PBXSourcesBuildPhase;
			buildActionMask = 2147483647;
			files = (
				CDB4609F216D215900299B24 /* ColorChangeViewController.swift in Sources */,
				CDB4609D216D215900299B24 /* AppDelegate.swift in Sources */,
				CDB460B3216D270000299B24 /* ColorTool.swift in Sources */,
			);
			runOnlyForDeploymentPostprocessing = 0;
		};
/* End PBXSourcesBuildPhase section */

/* Begin PBXVariantGroup section */
		CDB460A0216D215900299B24 /* Main.storyboard */ = {
			isa = PBXVariantGroup;
			children = (
				CDB460A1216D215900299B24 /* Base */,
			);
			name = Main.storyboard;
			sourceTree = "<group>";
		};
		CDB460A5216D215B00299B24 /* LaunchScreen.storyboard */ = {
			isa = PBXVariantGroup;
			children = (
				CDB460A6216D215B00299B24 /* Base */,
			);
			name = LaunchScreen.storyboard;
			sourceTree = "<group>";
		};
/* End PBXVariantGroup section */

/* Begin XCBuildConfiguration section */
		CDB460A9216D215B00299B24 /* Debug */ = {
			isa = XCBuildConfiguration;
			buildSettings = {
				ALWAYS_SEARCH_USER_PATHS = NO;
				CLANG_ANALYZER_NONNULL = YES;
				CLANG_ANALYZER_NUMBER_OBJECT_CONVERSION = YES_AGGRESSIVE;
				CLANG_CXX_LANGUAGE_STANDARD = "gnu++14";
				CLANG_CXX_LIBRARY = "libc++";
				CLANG_ENABLE_MODULES = YES;
				CLANG_ENABLE_OBJC_ARC = YES;
				CLANG_ENABLE_OBJC_WEAK = YES;
				CLANG_WARN_BLOCK_CAPTURE_AUTORELEASING = YES;
				CLANG_WARN_BOOL_CONVERSION = YES;
				CLANG_WARN_COMMA = YES;
				CLANG_WARN_CONSTANT_CONVERSION = YES;
				CLANG_WARN_DEPRECATED_OBJC_IMPLEMENTATIONS = YES;
				CLANG_WARN_DIRECT_OBJC_ISA_USAGE = YES_ERROR;
				CLANG_WARN_DOCUMENTATION_COMMENTS = YES;
				CLANG_WARN_EMPTY_BODY = YES;
				CLANG_WARN_ENUM_CONVERSION = YES;
				CLANG_WARN_INFINITE_RECURSION = YES;
				CLANG_WARN_INT_CONVERSION = YES;
				CLANG_WARN_NON_LITERAL_NULL_CONVERSION = YES;
				CLANG_WARN_OBJC_IMPLICIT_RETAIN_SELF = YES;
				CLANG_WARN_OBJC_LITERAL_CONVERSION = YES;
				CLANG_WARN_OBJC_ROOT_CLASS = YES_ERROR;
				CLANG_WARN_RANGE_LOOP_ANALYSIS = YES;
				CLANG_WARN_STRICT_PROTOTYPES = YES;
				CLANG_WARN_SUSPICIOUS_MOVE = YES;
				CLANG_WARN_UNGUARDED_AVAILABILITY = YES_AGGRESSIVE;
				CLANG_WARN_UNREACHABLE_CODE = YES;
				CLANG_WARN__DUPLICATE_METHOD_MATCH = YES;
				CODE_SIGN_IDENTITY = "iPhone Developer";
				COPY_PHASE_STRIP = NO;
				DEBUG_INFORMATION_FORMAT = dwarf;
				ENABLE_STRICT_OBJC_MSGSEND = YES;
				ENABLE_TESTABILITY = YES;
				GCC_C_LANGUAGE_STANDARD = gnu11;
				GCC_DYNAMIC_NO_PIC = NO;
				GCC_NO_COMMON_BLOCKS = YES;
				GCC_OPTIMIZATION_LEVEL = 0;
				GCC_PREPROCESSOR_DEFINITIONS = (
					"DEBUG=1",
					"$(inherited)",
				);
				GCC_WARN_64_TO_32_BIT_CONVERSION = YES;
				GCC_WARN_ABOUT_RETURN_TYPE = YES_ERROR;
				GCC_WARN_UNDECLARED_SELECTOR = YES;
				GCC_WARN_UNINITIALIZED_AUTOS = YES_AGGRESSIVE;
				GCC_WARN_UNUSED_FUNCTION = YES;
				GCC_WARN_UNUSED_VARIABLE = YES;
				IPHONEOS_DEPLOYMENT_TARGET = 11.4;
				MTL_ENABLE_DEBUG_INFO = YES;
				ONLY_ACTIVE_ARCH = YES;
				SDKROOT = iphoneos;
				SWIFT_ACTIVE_COMPILATION_CONDITIONS = DEBUG;
				SWIFT_OPTIMIZATION_LEVEL = "-Onone";
			};
			name = Debug;
		};
		CDB460AA216D215B00299B24 /* Release */ = {
			isa = XCBuildConfiguration;
			buildSettings = {
				ALWAYS_SEARCH_USER_PATHS = NO;
				CLANG_ANALYZER_NONNULL = YES;
				CLANG_ANALYZER_NUMBER_OBJECT_CONVERSION = YES_AGGRESSIVE;
				CLANG_CXX_LANGUAGE_STANDARD = "gnu++14";
				CLANG_CXX_LIBRARY = "libc++";
				CLANG_ENABLE_MODULES = YES;
				CLANG_ENABLE_OBJC_ARC = YES;
				CLANG_ENABLE_OBJC_WEAK = YES;
				CLANG_WARN_BLOCK_CAPTURE_AUTORELEASING = YES;
				CLANG_WARN_BOOL_CONVERSION = YES;
				CLANG_WARN_COMMA = YES;
				CLANG_WARN_CONSTANT_CONVERSION = YES;
				CLANG_WARN_DEPRECATED_OBJC_IMPLEMENTATIONS = YES;
				CLANG_WARN_DIRECT_OBJC_ISA_USAGE = YES_ERROR;
				CLANG_WARN_DOCUMENTATION_COMMENTS = YES;
				CLANG_WARN_EMPTY_BODY = YES;
				CLANG_WARN_ENUM_CONVERSION = YES;
				CLANG_WARN_INFINITE_RECURSION = YES;
				CLANG_WARN_INT_CONVERSION = YES;
				CLANG_WARN_NON_LITERAL_NULL_CONVERSION = YES;
				CLANG_WARN_OBJC_IMPLICIT_RETAIN_SELF = YES;
				CLANG_WARN_OBJC_LITERAL_CONVERSION = YES;
				CLANG_WARN_OBJC_ROOT_CLASS = YES_ERROR;
				CLANG_WARN_RANGE_LOOP_ANALYSIS = YES;
				CLANG_WARN_STRICT_PROTOTYPES = YES;
				CLANG_WARN_SUSPICIOUS_MOVE = YES;
				CLANG_WARN_UNGUARDED_AVAILABILITY = YES_AGGRESSIVE;
				CLANG_WARN_UNREACHABLE_CODE = YES;
				CLANG_WARN__DUPLICATE_METHOD_MATCH = YES;
				CODE_SIGN_IDENTITY = "iPhone Developer";
				COPY_PHASE_STRIP = NO;
				DEBUG_INFORMATION_FORMAT = "dwarf-with-dsym";
				ENABLE_NS_ASSERTIONS = NO;
				ENABLE_STRICT_OBJC_MSGSEND = YES;
				GCC_C_LANGUAGE_STANDARD = gnu11;
				GCC_NO_COMMON_BLOCKS = YES;
				GCC_WARN_64_TO_32_BIT_CONVERSION = YES;
				GCC_WARN_ABOUT_RETURN_TYPE = YES_ERROR;
				GCC_WARN_UNDECLARED_SELECTOR = YES;
				GCC_WARN_UNINITIALIZED_AUTOS = YES_AGGRESSIVE;
				GCC_WARN_UNUSED_FUNCTION = YES;
				GCC_WARN_UNUSED_VARIABLE = YES;
				IPHONEOS_DEPLOYMENT_TARGET = 11.4;
				MTL_ENABLE_DEBUG_INFO = NO;
				SDKROOT = iphoneos;
				SWIFT_COMPILATION_MODE = wholemodule;
				SWIFT_OPTIMIZATION_LEVEL = "-O";
				VALIDATE_PRODUCT = YES;
			};
			name = Release;
		};
		CDB460AC216D215B00299B24 /* Debug */ = {
			isa = XCBuildConfiguration;
			buildSettings = {
				ASSETCATALOG_COMPILER_APPICON_NAME = AppIcon;
				CODE_SIGN_STYLE = Automatic;
				INFOPLIST_FILE = "$(SRCROOT)/iOSFirstProject/Resources/Info.plist";
				LD_RUNPATH_SEARCH_PATHS = (
					"$(inherited)",
					"@executable_path/Frameworks",
				);
				PRODUCT_BUNDLE_IDENTIFIER = CTEC.iOSFirstProject;
				PRODUCT_NAME = "$(TARGET_NAME)";
				SWIFT_VERSION = 4.0;
				TARGETED_DEVICE_FAMILY = "1,2";
			};
			name = Debug;
		};
		CDB460AD216D215B00299B24 /* Release */ = {
			isa = XCBuildConfiguration;
			buildSettings = {
				ASSETCATALOG_COMPILER_APPICON_NAME = AppIcon;
				CODE_SIGN_STYLE = Automatic;
				INFOPLIST_FILE = "$(SRCROOT)/iOSFirstProject/Resources/Info.plist";
				LD_RUNPATH_SEARCH_PATHS = (
					"$(inherited)",
					"@executable_path/Frameworks",
				);
				PRODUCT_BUNDLE_IDENTIFIER = CTEC.iOSFirstProject;
				PRODUCT_NAME = "$(TARGET_NAME)";
				SWIFT_VERSION = 4.0;
				TARGETED_DEVICE_FAMILY = "1,2";
			};
			name = Release;
		};
/* End XCBuildConfiguration section */

/* Begin XCConfigurationList section */
		CDB46094216D215900299B24 /* Build configuration list for PBXProject "iOSFirstProject" */ = {
			isa = XCConfigurationList;
			buildConfigurations = (
				CDB460A9216D215B00299B24 /* Debug */,
				CDB460AA216D215B00299B24 /* Release */,
			);
			defaultConfigurationIsVisible = 0;
			defaultConfigurationName = Release;
		};
		CDB460AB216D215B00299B24 /* Build configuration list for PBXNativeTarget "iOSFirstProject" */ = {
			isa = XCConfigurationList;
			buildConfigurations = (
				CDB460AC216D215B00299B24 /* Debug */,
				CDB460AD216D215B00299B24 /* Release */,
			);
			defaultConfigurationIsVisible = 0;
			defaultConfigurationName = Release;
		};
/* End XCConfigurationList section */
	};
	rootObject = CDB46091216D215900299B24 /* Project object */;
}
